
Microsoft Visual Studio Solution File, Format Version 12.00
# Visual Studio Version 17
VisualStudioVersion = 17.9.34723.18
MinimumVisualStudioVersion = 10.0.40219.1
Project("{9A19103F-16F7-4668-BE54-9A1E7A4F7556}") = "WebApi", "WebApi\WebApi.csproj", "{E8989A00-318F-4AD5-B073-329A6A3695D9}"
EndProject
Project("{FAE04EC0-301F-11D3-BF4B-00C04F79EFBC}") = "TestProject1", "TestProject1\TestProject1.csproj", "{18CAB55D-13C4-44B1-B26E-DADF0D7FA122}"
EndProject
Global
	GlobalSection(SolutionConfigurationPlatforms) = preSolution
		Debug|Any CPU = Debug|Any CPU
		Release|Any CPU = Release|Any CPU
	EndGlobalSection
	GlobalSection(ProjectConfigurationPlatforms) = postSolution
		{E8989A00-318F-4AD5-B073-329A6A3695D9}.Debug|Any CPU.ActiveCfg = Debug|Any CPU
		{E8989A00-318F-4AD5-B073-329A6A3695D9}.Debug|Any CPU.Build.0 = Debug|Any CPU
		{E8989A00-318F-4AD5-B073-329A6A3695D9}.Release|Any CPU.ActiveCfg = Release|Any CPU
		{E8989A00-318F-4AD5-B073-329A6A3695D9}.Release|Any CPU.Build.0 = Release|Any CPU
		{18CAB55D-13C4-44B1-B26E-DADF0D7FA122}.Debug|Any CPU.ActiveCfg = Debug|Any CPU
		{18CAB55D-13C4-44B1-B26E-DADF0D7FA122}.Debug|Any CPU.Build.0 = Debug|Any CPU
		{18CAB55D-13C4-44B1-B26E-DADF0D7FA122}.Release|Any CPU.ActiveCfg = Release|Any CPU
		{18CAB55D-13C4-44B1-B26E-DADF0D7FA122}.Release|Any CPU.Build.0 = Release|Any CPU
	EndGlobalSection
	GlobalSection(SolutionProperties) = preSolution
		HideSolutionNode = FALSE
	EndGlobalSection
	GlobalSection(ExtensibilityGlobals) = postSolution
		SolutionGuid = {B5EC9880-C675-4252-B428-4B01A492625E}
	EndGlobalSection
EndGlobal
